
Microsoft Visual Studio Solution File, Format Version 12.00
# Visual Studio Version 17
VisualStudioVersion = 17.3.32929.385
MinimumVisualStudioVersion = 10.0.40219.1
Project("{FAE04EC0-301F-11D3-BF4B-00C04F79EFBC}") = "RentalFilm_C19", "RentalFilm_C19\RentalFilm_C19.csproj", "{B5E8375D-FF68-4678-A8C6-0036740EC79F}"
EndProject
Global
	GlobalSection(SolutionConfigurationPlatforms) = preSolution
		Debug|Any CPU = Debug|Any CPU
		Release|Any CPU = Release|Any CPU
	EndGlobalSection
	GlobalSection(ProjectConfigurationPlatforms) = postSolution
		{B5E8375D-FF68-4678-A8C6-0036740EC79F}.Debug|Any CPU.ActiveCfg = Debug|Any CPU
		{B5E8375D-FF68-4678-A8C6-0036740EC79F}.Debug|Any CPU.Build.0 = Debug|Any CPU
		{B5E8375D-FF68-4678-A8C6-0036740EC79F}.Release|Any CPU.ActiveCfg = Release|Any CPU
		{B5E8375D-FF68-4678-A8C6-0036740EC79F}.Release|Any CPU.Build.0 = Release|Any CPU
	EndGlobalSection
	GlobalSection(SolutionProperties) = preSolution
		HideSolutionNode = FALSE
	EndGlobalSection
	GlobalSection(ExtensibilityGlobals) = postSolution
		SolutionGuid = {DB7B0D41-5FD6-4F4D-9C0B-4B24BED44A60}
	EndGlobalSection
EndGlobal
